{
  "version": 4,
  "terraform_version": "1.3.4",
  "serial": 9,
  "lineage": "214a73b2-888e-ce5b-998b-822d4bae430a",
  "outputs": {
    "server_ip": {
      "value": [
        "143.198.55.100",
        "143.198.63.82"
      ],
      "type": [
        "tuple",
        [
          "string",
          "string"
        ]
      ]
    }
  },
  "resources": [
    {
      "mode": "data",
      "type": "digitalocean_project",
      "name": "lab_project",
      "provider": "provider[\"registry.terraform.io/digitalocean/digitalocean\"]",
      "instances": [
        {
          "schema_version": 0,
          "attributes": {
            "created_at": "2021-11-16T16:55:32Z",
            "description": "Update your project information under Settings",
            "environment": "",
            "id": "3c5cea16-8ea7-4365-b08c-66387ef1d8d1",
            "is_default": true,
            "name": "first-project",
            "owner_id": 10262087,
            "owner_uuid": "f1997266-3a55-458a-aedb-0ab634de0013",
            "purpose": "",
            "resources": [],
            "updated_at": "2021-11-16T16:55:32Z"
          },
          "sensitive_attributes": []
        }
      ]
    },
    {
      "mode": "data",
      "type": "digitalocean_ssh_key",
      "name": "ubuntu_ssh",
      "provider": "provider[\"registry.terraform.io/digitalocean/digitalocean\"]",
      "instances": [
        {
          "schema_version": 0,
          "attributes": {
            "fingerprint": "ad:f3:91:51:18:46:6a:98:1f:47:55:ba:19:e1:8c:a0",
            "id": 36610825,
            "name": "ubuntu_ssh",
            "public_key": "ssh-rsa AAAAB3NzaC1yc2EAAAADAQABAAABgQDJa7Ntlx3dlKvdewpRkkvQwfgNB2o7STYt3ADgQCR+4FSzGsv6TohpwAYdnDILHFLipZ8QdI4NCFjw4w5e9HSGLupXI+BGuoyPZzzYscR1qNHD3sGFg8bWFKznqQx1HlDnKyOZ6rhm6ImnDQ1W2neZ38zaeHldfl4fMcqW8uIuxSJkL5FIN2DEmtdreR3l1WnuIC0imwBqSRrLbKG/a78DDs709PGCpP72Pzqk1J16D316KKoTsFjIeaIvq0LzxVFaYQsEjwkjUaP5g/KOF6rVhSIGFUoNEEu66S5QJrrHlRtduWtyNfyJjSnH5cnh5JoimlcFWEmmk/NMOq/WAHRaKlYEPCUJUzjDCetDlP35iQsXdisFE5WogQqkiWq5wV3ebR5EInO+G/AioTJFwQ5xAfo+ZjnWUpnROCGGTPZsgG8jkoiH4kaaGrwp5oHdv8uqwWqLnznAn334/XW/Z0qaxoX7MyScNvD3BtPxa9TIg58pEjSYl5/TY3/OgBPQv98= gurpreet@GSingh"
          },
          "sensitive_attributes": []
        }
      ]
    },
    {
      "mode": "managed",
      "type": "digitalocean_droplet",
      "name": "web",
      "provider": "provider[\"registry.terraform.io/digitalocean/digitalocean\"]",
      "instances": [
        {
          "index_key": 0,
          "schema_version": 1,
          "attributes": {
            "backups": false,
            "created_at": "2022-11-11T22:39:52Z",
            "disk": 10,
            "droplet_agent": null,
            "graceful_shutdown": false,
            "id": "325609570",
            "image": "rockylinux-9-x64",
            "ipv4_address": "143.198.55.100",
            "ipv4_address_private": "10.124.16.2",
            "ipv6": false,
            "ipv6_address": "",
            "locked": false,
            "memory": 512,
            "monitoring": false,
            "name": "web-1",
            "price_hourly": 0.00595,
            "price_monthly": 4,
            "private_networking": true,
            "region": "sfo3",
            "resize_disk": true,
            "size": "s-1vcpu-512mb-10gb",
            "ssh_keys": [
              "36610825"
            ],
            "status": "active",
            "tags": [
              "web"
            ],
            "timeouts": null,
            "urn": "do:droplet:325609570",
            "user_data": null,
            "vcpus": 1,
            "volume_ids": [],
            "vpc_uuid": "db7ddfb1-4e83-43c8-9cd3-f478a9beed57"
          },
          "sensitive_attributes": [],
          "private": "eyJlMmJmYjczMC1lY2FhLTExZTYtOGY4OC0zNDM2M2JjN2M0YzAiOnsiY3JlYXRlIjozNjAwMDAwMDAwMDAwLCJkZWxldGUiOjYwMDAwMDAwMDAwLCJ1cGRhdGUiOjM2MDAwMDAwMDAwMDB9LCJzY2hlbWFfdmVyc2lvbiI6IjEifQ==",
          "dependencies": [
            "data.digitalocean_ssh_key.ubuntu_ssh",
            "digitalocean_tag.do_tag",
            "digitalocean_vpc.web_vpc"
          ],
          "create_before_destroy": true
        },
        {
          "index_key": 1,
          "schema_version": 1,
          "attributes": {
            "backups": false,
            "created_at": "2022-11-11T22:39:52Z",
            "disk": 10,
            "droplet_agent": null,
            "graceful_shutdown": false,
            "id": "325609571",
            "image": "rockylinux-9-x64",
            "ipv4_address": "143.198.63.82",
            "ipv4_address_private": "10.124.16.3",
            "ipv6": false,
            "ipv6_address": "",
            "locked": false,
            "memory": 512,
            "monitoring": false,
            "name": "web-2",
            "price_hourly": 0.00595,
            "price_monthly": 4,
            "private_networking": true,
            "region": "sfo3",
            "resize_disk": true,
            "size": "s-1vcpu-512mb-10gb",
            "ssh_keys": [
              "36610825"
            ],
            "status": "active",
            "tags": [
              "web"
            ],
            "timeouts": null,
            "urn": "do:droplet:325609571",
            "user_data": null,
            "vcpus": 1,
            "volume_ids": [],
            "vpc_uuid": "db7ddfb1-4e83-43c8-9cd3-f478a9beed57"
          },
          "sensitive_attributes": [],
          "private": "eyJlMmJmYjczMC1lY2FhLTExZTYtOGY4OC0zNDM2M2JjN2M0YzAiOnsiY3JlYXRlIjozNjAwMDAwMDAwMDAwLCJkZWxldGUiOjYwMDAwMDAwMDAwLCJ1cGRhdGUiOjM2MDAwMDAwMDAwMDB9LCJzY2hlbWFfdmVyc2lvbiI6IjEifQ==",
          "dependencies": [
            "data.digitalocean_ssh_key.ubuntu_ssh",
            "digitalocean_tag.do_tag",
            "digitalocean_vpc.web_vpc"
          ],
          "create_before_destroy": true
        }
      ]
    },
    {
      "mode": "managed",
      "type": "digitalocean_loadbalancer",
      "name": "public",
      "provider": "provider[\"registry.terraform.io/digitalocean/digitalocean\"]",
      "instances": [
        {
          "schema_version": 1,
          "attributes": {
            "algorithm": "round_robin",
            "disable_lets_encrypt_dns_records": false,
            "droplet_ids": [
              325609570,
              325609571
            ],
            "droplet_tag": "web",
            "enable_backend_keepalive": false,
            "enable_proxy_protocol": false,
            "forwarding_rule": [
              {
                "certificate_id": "",
                "certificate_name": "",
                "entry_port": 80,
                "entry_protocol": "http",
                "target_port": 80,
                "target_protocol": "http",
                "tls_passthrough": false
              }
            ],
            "healthcheck": [
              {
                "check_interval_seconds": 10,
                "healthy_threshold": 5,
                "path": "",
                "port": 22,
                "protocol": "tcp",
                "response_timeout_seconds": 5,
                "unhealthy_threshold": 3
              }
            ],
            "id": "fdf937fb-9cff-4932-959e-2a3c988b27a8",
            "ip": "137.184.245.197",
            "name": "loadbalancer-1",
            "redirect_http_to_https": false,
            "region": "sfo3",
            "size": null,
            "size_unit": 1,
            "status": "active",
            "sticky_sessions": [
              {
                "cookie_name": "",
                "cookie_ttl_seconds": 0,
                "type": "none"
              }
            ],
            "urn": "do:loadbalancer:fdf937fb-9cff-4932-959e-2a3c988b27a8",
            "vpc_uuid": "db7ddfb1-4e83-43c8-9cd3-f478a9beed57"
          },
          "sensitive_attributes": [],
          "private": "eyJzY2hlbWFfdmVyc2lvbiI6IjEifQ==",
          "dependencies": [
            "digitalocean_vpc.web_vpc"
          ]
        }
      ]
    },
    {
      "mode": "managed",
      "type": "digitalocean_project_resources",
      "name": "project_attach",
      "provider": "provider[\"registry.terraform.io/digitalocean/digitalocean\"]",
      "instances": [
        {
          "schema_version": 0,
          "attributes": {
            "id": "3c5cea16-8ea7-4365-b08c-66387ef1d8d1",
            "project": "3c5cea16-8ea7-4365-b08c-66387ef1d8d1",
            "resources": [
              "do:droplet:325609570",
              "do:droplet:325609571"
            ]
          },
          "sensitive_attributes": [],
          "private": "bnVsbA==",
          "dependencies": [
            "data.digitalocean_project.lab_project",
            "data.digitalocean_ssh_key.ubuntu_ssh",
            "digitalocean_droplet.web",
            "digitalocean_tag.do_tag",
            "digitalocean_vpc.web_vpc"
          ]
        }
      ]
    },
    {
      "mode": "managed",
      "type": "digitalocean_tag",
      "name": "do_tag",
      "provider": "provider[\"registry.terraform.io/digitalocean/digitalocean\"]",
      "instances": [
        {
          "schema_version": 0,
          "attributes": {
            "databases_count": 0,
            "droplets_count": 0,
            "id": "web",
            "images_count": 0,
            "name": "web",
            "total_resource_count": 0,
            "volume_snapshots_count": 0,
            "volumes_count": 0
          },
          "sensitive_attributes": [],
          "private": "bnVsbA==",
          "create_before_destroy": true
        }
      ]
    },
    {
      "mode": "managed",
      "type": "digitalocean_vpc",
      "name": "web_vpc",
      "provider": "provider[\"registry.terraform.io/digitalocean/digitalocean\"]",
      "instances": [
        {
          "schema_version": 0,
          "attributes": {
            "created_at": "2022-11-11 22:39:51 +0000 UTC",
            "default": false,
            "description": "",
            "id": "db7ddfb1-4e83-43c8-9cd3-f478a9beed57",
            "ip_range": "10.124.16.0/20",
            "name": "firstproject",
            "region": "sfo3",
            "timeouts": null,
            "urn": "do:vpc:db7ddfb1-4e83-43c8-9cd3-f478a9beed57"
          },
          "sensitive_attributes": [],
          "private": "eyJlMmJmYjczMC1lY2FhLTExZTYtOGY4OC0zNDM2M2JjN2M0YzAiOnsiZGVsZXRlIjoxMjAwMDAwMDAwMDB9fQ==",
          "create_before_destroy": true
        }
      ]
    }
  ],
  "check_results": null
}
