{
  "version": 4,
  "terraform_version": "1.3.4",
  "serial": 3,
  "lineage": "214a73b2-888e-ce5b-998b-822d4bae430a",
  "outputs": {},
  "resources": [
    {
      "mode": "data",
      "type": "digitalocean_project",
      "name": "lab_project",
      "provider": "provider[\"registry.terraform.io/digitalocean/digitalocean\"]",
      "instances": [
        {
          "schema_version": 0,
          "attributes": {
            "created_at": "2021-11-16T16:55:32Z",
            "description": "Update your project information under Settings",
            "environment": "",
            "id": "3c5cea16-8ea7-4365-b08c-66387ef1d8d1",
            "is_default": true,
            "name": "first-project",
            "owner_id": 10262087,
            "owner_uuid": "f1997266-3a55-458a-aedb-0ab634de0013",
            "purpose": "",
            "resources": [],
            "updated_at": "2021-11-16T16:55:32Z"
          },
          "sensitive_attributes": []
        }
      ]
    },
    {
      "mode": "data",
      "type": "digitalocean_ssh_key",
      "name": "ubuntu_ssh",
      "provider": "provider[\"registry.terraform.io/digitalocean/digitalocean\"]",
      "instances": [
        {
          "schema_version": 0,
          "attributes": {
            "fingerprint": "ad:f3:91:51:18:46:6a:98:1f:47:55:ba:19:e1:8c:a0",
            "id": 36610825,
            "name": "ubuntu_ssh",
            "public_key": "ssh-rsa AAAAB3NzaC1yc2EAAAADAQABAAABgQDJa7Ntlx3dlKvdewpRkkvQwfgNB2o7STYt3ADgQCR+4FSzGsv6TohpwAYdnDILHFLipZ8QdI4NCFjw4w5e9HSGLupXI+BGuoyPZzzYscR1qNHD3sGFg8bWFKznqQx1HlDnKyOZ6rhm6ImnDQ1W2neZ38zaeHldfl4fMcqW8uIuxSJkL5FIN2DEmtdreR3l1WnuIC0imwBqSRrLbKG/a78DDs709PGCpP72Pzqk1J16D316KKoTsFjIeaIvq0LzxVFaYQsEjwkjUaP5g/KOF6rVhSIGFUoNEEu66S5QJrrHlRtduWtyNfyJjSnH5cnh5JoimlcFWEmmk/NMOq/WAHRaKlYEPCUJUzjDCetDlP35iQsXdisFE5WogQqkiWq5wV3ebR5EInO+G/AioTJFwQ5xAfo+ZjnWUpnROCGGTPZsgG8jkoiH4kaaGrwp5oHdv8uqwWqLnznAn334/XW/Z0qaxoX7MyScNvD3BtPxa9TIg58pEjSYl5/TY3/OgBPQv98= gurpreet@GSingh"
          },
          "sensitive_attributes": []
        }
      ]
    },
    {
      "mode": "managed",
      "type": "digitalocean_droplet",
      "name": "web",
      "provider": "provider[\"registry.terraform.io/digitalocean/digitalocean\"]",
      "instances": []
    },
    {
      "mode": "managed",
      "type": "digitalocean_loadbalancer",
      "name": "public",
      "provider": "provider[\"registry.terraform.io/digitalocean/digitalocean\"]",
      "instances": []
    },
    {
      "mode": "managed",
      "type": "digitalocean_project_resources",
      "name": "project_attach",
      "provider": "provider[\"registry.terraform.io/digitalocean/digitalocean\"]",
      "instances": []
    },
    {
      "mode": "managed",
      "type": "digitalocean_tag",
      "name": "do_tag",
      "provider": "provider[\"registry.terraform.io/digitalocean/digitalocean\"]",
      "instances": [
        {
          "schema_version": 0,
          "attributes": {
            "databases_count": 0,
            "droplets_count": 0,
            "id": "web",
            "images_count": 0,
            "name": "web",
            "total_resource_count": 0,
            "volume_snapshots_count": 0,
            "volumes_count": 0
          },
          "sensitive_attributes": [],
          "private": "bnVsbA==",
          "create_before_destroy": true
        }
      ]
    }
  ],
  "check_results": null
}
